<?xml version="1.0" encoding="utf-8"?>
<Project ToolsVersion="4.0" xmlns="http://schemas.microsoft.com/developer/msbuild/2003">
  <ItemGroup>
    <Filter Include="Source Files">
      <UniqueIdentifier>{4FC737F1-C7A5-4376-A066-2A32D752A2FF}</UniqueIdentifier>
      <Extensions>cpp;c;cc;cxx;c++;cppm;ixx;def;odl;idl;hpj;bat;asm;asmx</Extensions>
    </Filter>
    <Filter Include="Header Files">
      <UniqueIdentifier>{93995380-89BD-4b04-88EB-625FBE52EBFB}</UniqueIdentifier>
      <Extensions>h;hh;hpp;hxx;h++;hm;inl;inc;ipp;xsd</Extensions>
    </Filter>
    <Filter Include="Resource Files">
      <UniqueIdentifier>{67DA6AB6-F800-4c08-8B7A-83BB121AAD01}</UniqueIdentifier>
      <Extensions>rc;ico;cur;bmp;dlg;rc2;rct;bin;rgs;gif;jpg;jpeg;jpe;resx;tiff;tif;png;wav;mfcribbon-ms</Extensions>
    </Filter>
  </ItemGroup>
  <ItemGroup>
    <ClCompile Include="src\main.cpp">
      <Filter>Source Files</Filter>
    </ClCompile>
    <ClCompile Include="src\Library\miniz.c">
      <Filter>Source Files</Filter>
    </ClCompile>
    <ClCompile Include="src\Library\stb_image.cpp">
      <Filter>Source Files</Filter>
    </ClCompile>
    <ClCompile Include="src\Library\tinyexr.cpp">
      <Filter>Source Files</Filter>
    </ClCompile>
    <ClCompile Include="src\compiler.cpp">
      <Filter>Source Files</Filter>
    </ClCompile>
    <ClCompile Include="src\modelLoader.cpp">
      <Filter>Source Files</Filter>
    </ClCompile>
    <ClCompile Include="src\Library\cmp_core\bc1_encode_kernel.cpp">
      <Filter>Source Files</Filter>
    </ClCompile>
    <ClCompile Include="src\Library\cmp_core\bc2_encode_kernel.cpp">
      <Filter>Source Files</Filter>
    </ClCompile>
    <ClCompile Include="src\Library\cmp_core\bc3_encode_kernel.cpp">
      <Filter>Source Files</Filter>
    </ClCompile>
    <ClCompile Include="src\Library\cmp_core\bc4_encode_kernel.cpp">
      <Filter>Source Files</Filter>
    </ClCompile>
    <ClCompile Include="src\Library\cmp_core\bc5_encode_kernel.cpp">
      <Filter>Source Files</Filter>
    </ClCompile>
    <ClCompile Include="src\Library\cmp_core\bc6_encode_kernel.cpp">
      <Filter>Source Files</Filter>
    </ClCompile>
    <ClCompile Include="src\Library\cmp_core\bc7_encode_kernel.cpp">
      <Filter>Source Files</Filter>
    </ClCompile>
    <ClCompile Include="src\Library\cmp_core\cmp_core.cpp">
      <Filter>Source Files</Filter>
    </ClCompile>
    <ClCompile Include="src\Library\cmp_core\cpu_extensions.cpp">
      <Filter>Source Files</Filter>
    </ClCompile>
    <ClCompile Include="src\Library\cmp_core\core_simd_sse.cpp">
      <Filter>Source Files</Filter>
    </ClCompile>
    <ClCompile Include="src\Library\cmp_core\cmp_math_common.cpp">
      <Filter>Source Files</Filter>
    </ClCompile>
    <ClCompile Include="src\Library\cmp_core\core_simd_avx.cpp">
      <Filter>Source Files</Filter>
    </ClCompile>
    <ClCompile Include="src\Library\cmp_core\core_simd_avx512.cpp">
      <Filter>Source Files</Filter>
    </ClCompile>
  </ItemGroup>
  <ItemGroup>
    <ClInclude Include="src\compiler.h">
      <Filter>Header Files</Filter>
    </ClInclude>
    <ClInclude Include="src\Library\miniz.h">
      <Filter>Header Files</Filter>
    </ClInclude>
    <ClInclude Include="src\Library\stb_image.hpp">
      <Filter>Header Files</Filter>
    </ClInclude>
    <ClInclude Include="src\Library\tinyexr.h">
      <Filter>Header Files</Filter>
    </ClInclude>
    <ClInclude Include="src\modelLoader.h">
      <Filter>Header Files</Filter>
    </ClInclude>
    <ClInclude Include="src\compiler.ipp">
      <Filter>Header Files</Filter>
    </ClInclude>
    <ClInclude Include="src\Library\cmp_core\cmp_core.h">
      <Filter>Header Files</Filter>
    </ClInclude>
    <ClInclude Include="src\Library\cmp_core\cpu_extensions.h">
      <Filter>Header Files</Filter>
    </ClInclude>
    <ClInclude Include="src\Library\cmp_core\cmp_math_common.h">
      <Filter>Header Files</Filter>
    </ClInclude>
    <ClInclude Include="src\Library\cmp_core\cmp_math_func.h">
      <Filter>Header Files</Filter>
    </ClInclude>
    <ClInclude Include="src\Library\cmp_core\cmp_math_vec4.h">
      <Filter>Header Files</Filter>
    </ClInclude>
    <ClInclude Include="src\Library\cmp_core\common_def.h">
      <Filter>Header Files</Filter>
    </ClInclude>
    <ClInclude Include="src\Library\cmp_core\core_simd.h">
      <Filter>Header Files</Filter>
    </ClInclude>
    <ClInclude Include="src\Library\cmp_core\bcn_common_kernel.h">
      <Filter>Header Files</Filter>
    </ClInclude>
    <ClInclude Include="src\Library\cmp_core\bc7_encode_kernel.h">
      <Filter>Header Files</Filter>
    </ClInclude>
    <ClInclude Include="src\Library\cmp_core\bcn_common_api.h">
      <Filter>Header Files</Filter>
    </ClInclude>
    <ClInclude Include="src\Library\cmp_core\bc7_common_encoder.h">
      <Filter>Header Files</Filter>
    </ClInclude>
    <ClInclude Include="src\Library\cmp_core\bc6_encode_kernel.h">
      <Filter>Header Files</Filter>
    </ClInclude>
    <ClInclude Include="src\Library\cmp_core\bc6_common_encoder.h">
      <Filter>Header Files</Filter>
    </ClInclude>
    <ClInclude Include="src\Library\cmp_core\bc5_encode_kernel.h">
      <Filter>Header Files</Filter>
    </ClInclude>
    <ClInclude Include="src\Library\cmp_core\bc4_encode_kernel.h">
      <Filter>Header Files</Filter>
    </ClInclude>
    <ClInclude Include="src\Library\cmp_core\bc3_encode_kernel.h">
      <Filter>Header Files</Filter>
    </ClInclude>
    <ClInclude Include="src\Library\cmp_core\bc2_encode_kernel.h">
      <Filter>Header Files</Filter>
    </ClInclude>
    <ClInclude Include="src\Library\cmp_core\bc1_cmp.h">
      <Filter>Header Files</Filter>
    </ClInclude>
    <ClInclude Include="src\Library\cmp_core\bc1_common_kernel.h">
      <Filter>Header Files</Filter>
    </ClInclude>
    <ClInclude Include="src\Library\cmp_core\bc1_encode_kernel.h">
      <Filter>Header Files</Filter>
    </ClInclude>
  </ItemGroup>
</Project>