
Microsoft Visual Studio Solution File, Format Version 12.00
# Visual Studio Version 17
VisualStudioVersion = 17.7.34018.315
MinimumVisualStudioVersion = 10.0.40219.1
Project("{8BC9CEB8-8B4A-11D0-8D11-00A0C91BC942}") = "Nova-Game", "Nova\Nova.vcxproj", "{900237BB-285A-43B2-A072-4356E3831098}"
	ProjectSection(ProjectDependencies) = postProject
		{DBDAB0D9-3E47-42B5-B542-C18BD152B0A9} = {DBDAB0D9-3E47-42B5-B542-C18BD152B0A9}
		{F0EBD9FE-3678-3611-839C-9741CD9195E3} = {F0EBD9FE-3678-3611-839C-9741CD9195E3}
	EndProjectSection
EndProject
Project("{8BC9CEB8-8B4A-11D0-8D11-00A0C91BC942}") = "Nova-Engine", "Nova-Engine\Nova-Engine.vcxproj", "{97E3ACAA-F509-44BA-A393-C8C071952013}"
EndProject
Project("{8BC9CEB8-8B4A-11D0-8D11-00A0C91BC942}") = "Nova-Editor", "Nova-Editor\Nova-Editor.vcxproj", "{6CA25594-7A86-45C3-9B06-8CB0095C99F7}"
	ProjectSection(ProjectDependencies) = postProject
		{DBDAB0D9-3E47-42B5-B542-C18BD152B0A9} = {DBDAB0D9-3E47-42B5-B542-C18BD152B0A9}
		{F0EBD9FE-3678-3611-839C-9741CD9195E3} = {F0EBD9FE-3678-3611-839C-9741CD9195E3}
	EndProjectSection
EndProject
Project("{FAE04EC0-301F-11D3-BF4B-00C04F79EFBC}") = "Nova-Scripts", "Nova-Scripts\Nova-Scripts.csproj", "{DBDAB0D9-3E47-42B5-B542-C18BD152B0A9}"
EndProject
Project("{8BC9CEB8-8B4A-11D0-8D11-00A0C91BC942}") = "Nova-ScriptingAPI", "Nova-ScriptingAPI\Nova-ScriptingAPI.vcxproj", "{F0EBD9FE-3678-3611-839C-9741CD9195E3}"
EndProject
Global
	GlobalSection(SolutionConfigurationPlatforms) = preSolution
		Debug|Any CPU = Debug|Any CPU
		Debug|x64 = Debug|x64
		Debug|x86 = Debug|x86
		Release|Any CPU = Release|Any CPU
		Release|x64 = Release|x64
		Release|x86 = Release|x86
	EndGlobalSection
	GlobalSection(ProjectConfigurationPlatforms) = postSolution
		{900237BB-285A-43B2-A072-4356E3831098}.Debug|Any CPU.ActiveCfg = Debug|x64
		{900237BB-285A-43B2-A072-4356E3831098}.Debug|Any CPU.Build.0 = Debug|x64
		{900237BB-285A-43B2-A072-4356E3831098}.Debug|x64.ActiveCfg = Debug|x64
		{900237BB-285A-43B2-A072-4356E3831098}.Debug|x64.Build.0 = Debug|x64
		{900237BB-285A-43B2-A072-4356E3831098}.Debug|x86.ActiveCfg = Debug|Win32
		{900237BB-285A-43B2-A072-4356E3831098}.Debug|x86.Build.0 = Debug|Win32
		{900237BB-285A-43B2-A072-4356E3831098}.Release|Any CPU.ActiveCfg = Release|x64
		{900237BB-285A-43B2-A072-4356E3831098}.Release|Any CPU.Build.0 = Release|x64
		{900237BB-285A-43B2-A072-4356E3831098}.Release|x64.ActiveCfg = Release|x64
		{900237BB-285A-43B2-A072-4356E3831098}.Release|x64.Build.0 = Release|x64
		{900237BB-285A-43B2-A072-4356E3831098}.Release|x86.ActiveCfg = Release|Win32
		{900237BB-285A-43B2-A072-4356E3831098}.Release|x86.Build.0 = Release|Win32
		{97E3ACAA-F509-44BA-A393-C8C071952013}.Debug|Any CPU.ActiveCfg = Debug|x64
		{97E3ACAA-F509-44BA-A393-C8C071952013}.Debug|Any CPU.Build.0 = Debug|x64
		{97E3ACAA-F509-44BA-A393-C8C071952013}.Debug|x64.ActiveCfg = Debug|x64
		{97E3ACAA-F509-44BA-A393-C8C071952013}.Debug|x64.Build.0 = Debug|x64
		{97E3ACAA-F509-44BA-A393-C8C071952013}.Debug|x86.ActiveCfg = Debug|Win32
		{97E3ACAA-F509-44BA-A393-C8C071952013}.Debug|x86.Build.0 = Debug|Win32
		{97E3ACAA-F509-44BA-A393-C8C071952013}.Release|Any CPU.ActiveCfg = Release|x64
		{97E3ACAA-F509-44BA-A393-C8C071952013}.Release|Any CPU.Build.0 = Release|x64
		{97E3ACAA-F509-44BA-A393-C8C071952013}.Release|x64.ActiveCfg = Release|x64
		{97E3ACAA-F509-44BA-A393-C8C071952013}.Release|x64.Build.0 = Release|x64
		{97E3ACAA-F509-44BA-A393-C8C071952013}.Release|x86.ActiveCfg = Release|Win32
		{97E3ACAA-F509-44BA-A393-C8C071952013}.Release|x86.Build.0 = Release|Win32
		{6CA25594-7A86-45C3-9B06-8CB0095C99F7}.Debug|Any CPU.ActiveCfg = Debug|x64
		{6CA25594-7A86-45C3-9B06-8CB0095C99F7}.Debug|Any CPU.Build.0 = Debug|x64
		{6CA25594-7A86-45C3-9B06-8CB0095C99F7}.Debug|x64.ActiveCfg = Debug|x64
		{6CA25594-7A86-45C3-9B06-8CB0095C99F7}.Debug|x64.Build.0 = Debug|x64
		{6CA25594-7A86-45C3-9B06-8CB0095C99F7}.Debug|x86.ActiveCfg = Debug|Win32
		{6CA25594-7A86-45C3-9B06-8CB0095C99F7}.Debug|x86.Build.0 = Debug|Win32
		{6CA25594-7A86-45C3-9B06-8CB0095C99F7}.Release|Any CPU.ActiveCfg = Release|x64
		{6CA25594-7A86-45C3-9B06-8CB0095C99F7}.Release|Any CPU.Build.0 = Release|x64
		{6CA25594-7A86-45C3-9B06-8CB0095C99F7}.Release|x64.ActiveCfg = Release|x64
		{6CA25594-7A86-45C3-9B06-8CB0095C99F7}.Release|x64.Build.0 = Release|x64
		{6CA25594-7A86-45C3-9B06-8CB0095C99F7}.Release|x86.ActiveCfg = Release|Win32
		{6CA25594-7A86-45C3-9B06-8CB0095C99F7}.Release|x86.Build.0 = Release|Win32
		{DBDAB0D9-3E47-42B5-B542-C18BD152B0A9}.Debug|Any CPU.ActiveCfg = Debug|x64
		{DBDAB0D9-3E47-42B5-B542-C18BD152B0A9}.Debug|x64.ActiveCfg = Debug|x64
		{DBDAB0D9-3E47-42B5-B542-C18BD152B0A9}.Debug|x64.Build.0 = Debug|x64
		{DBDAB0D9-3E47-42B5-B542-C18BD152B0A9}.Debug|x86.ActiveCfg = Debug|x64
		{DBDAB0D9-3E47-42B5-B542-C18BD152B0A9}.Release|Any CPU.ActiveCfg = Release|x64
		{DBDAB0D9-3E47-42B5-B542-C18BD152B0A9}.Release|x64.ActiveCfg = Release|x64
		{DBDAB0D9-3E47-42B5-B542-C18BD152B0A9}.Release|x86.ActiveCfg = Release|x64
		{F0EBD9FE-3678-3611-839C-9741CD9195E3}.Debug|Any CPU.ActiveCfg = Debug|x64
		{F0EBD9FE-3678-3611-839C-9741CD9195E3}.Debug|Any CPU.Build.0 = Debug|x64
		{F0EBD9FE-3678-3611-839C-9741CD9195E3}.Debug|x64.ActiveCfg = Debug|x64
		{F0EBD9FE-3678-3611-839C-9741CD9195E3}.Debug|x64.Build.0 = Debug|x64
		{F0EBD9FE-3678-3611-839C-9741CD9195E3}.Debug|x86.ActiveCfg = Debug|Win32
		{F0EBD9FE-3678-3611-839C-9741CD9195E3}.Debug|x86.Build.0 = Debug|Win32
		{F0EBD9FE-3678-3611-839C-9741CD9195E3}.Release|Any CPU.ActiveCfg = Release|x64
		{F0EBD9FE-3678-3611-839C-9741CD9195E3}.Release|Any CPU.Build.0 = Release|x64
		{F0EBD9FE-3678-3611-839C-9741CD9195E3}.Release|x64.ActiveCfg = Release|x64
		{F0EBD9FE-3678-3611-839C-9741CD9195E3}.Release|x64.Build.0 = Release|x64
		{F0EBD9FE-3678-3611-839C-9741CD9195E3}.Release|x86.ActiveCfg = Release|Win32
		{F0EBD9FE-3678-3611-839C-9741CD9195E3}.Release|x86.Build.0 = Release|Win32
	EndGlobalSection
	GlobalSection(SolutionProperties) = preSolution
		HideSolutionNode = FALSE
	EndGlobalSection
	GlobalSection(ExtensibilityGlobals) = postSolution
		SolutionGuid = {388F3711-0D69-4456-B332-0F9A7B431B57}
	EndGlobalSection
EndGlobal
