<?xml version="1.0" encoding="utf-8"?>
<Project ToolsVersion="4.0" xmlns="http://schemas.microsoft.com/developer/msbuild/2003">
  <ItemGroup>
    <Filter Include="Source Files">
      <UniqueIdentifier>{4FC737F1-C7A5-4376-A066-2A32D752A2FF}</UniqueIdentifier>
      <Extensions>cpp;c;cc;cxx;c++;cppm;ixx;def;odl;idl;hpj;bat;asm;asmx</Extensions>
    </Filter>
    <Filter Include="Header Files">
      <UniqueIdentifier>{93995380-89BD-4b04-88EB-625FBE52EBFB}</UniqueIdentifier>
      <Extensions>h;hh;hpp;hxx;h++;hm;inl;inc;ipp;xsd</Extensions>
    </Filter>
    <Filter Include="Resource Files">
      <UniqueIdentifier>{67DA6AB6-F800-4c08-8B7A-83BB121AAD01}</UniqueIdentifier>
      <Extensions>rc;ico;cur;bmp;dlg;rc2;rct;bin;rgs;gif;jpg;jpeg;jpe;resx;tiff;tif;png;wav;mfcribbon-ms</Extensions>
    </Filter>
  </ItemGroup>
  <ItemGroup>
    <ClInclude Include="src\Internal\export.h">
      <Filter>Header Files</Filter>
    </ClInclude>
    <ClInclude Include="src\Internal\type_alias.ipp">
      <Filter>Header Files</Filter>
    </ClInclude>
    <ClInclude Include="src\Imported\BS_thread_pool.hpp">
      <Filter>Header Files</Filter>
    </ClInclude>
    <ClInclude Include="src\Internal\family.h">
      <Filter>Header Files</Filter>
    </ClInclude>
    <ClInclude Include="src\Imported\magic_enum.hpp">
      <Filter>Header Files</Filter>
    </ClInclude>
    <ClInclude Include="src\Internal\nova_math.h">
      <Filter>Header Files</Filter>
    </ClInclude>
    <ClInclude Include="src\Internal\reflection.h">
      <Filter>Header Files</Filter>
    </ClInclude>
    <ClInclude Include="src\Internal\type_alias.h">
      <Filter>Header Files</Filter>
    </ClInclude>
    <ClInclude Include="src\Internal\Logger.ipp">
      <Filter>Header Files</Filter>
    </ClInclude>
    <ClInclude Include="src\Internal\Profiling.h">
      <Filter>Header Files</Filter>
    </ClInclude>
    <ClInclude Include="src\Internal\vertex.h">
      <Filter>Header Files</Filter>
    </ClInclude>
    <ClInclude Include="src\Imported\xresource_guid.h">
      <Filter>Header Files</Filter>
    </ClInclude>
    <ClInclude Include="src\Loader\loader.h">
      <Filter>Header Files</Filter>
    </ClInclude>
    <ClInclude Include="src\Internal\recursiveMacro.h">
      <Filter>Header Files</Filter>
    </ClInclude>
    <ClInclude Include="src\Detour\Detour\DetourAlloc.h">
      <Filter>Header Files</Filter>
    </ClInclude>
    <ClInclude Include="src\Detour\Detour\DetourAssert.h">
      <Filter>Header Files</Filter>
    </ClInclude>
    <ClInclude Include="src\Detour\Detour\DetourCommon.h">
      <Filter>Header Files</Filter>
    </ClInclude>
    <ClInclude Include="src\Detour\Detour\DetourMath.h">
      <Filter>Header Files</Filter>
    </ClInclude>
    <ClInclude Include="src\Detour\Detour\DetourNavMesh.h">
      <Filter>Header Files</Filter>
    </ClInclude>
    <ClInclude Include="src\Detour\Detour\DetourNavMeshBuilder.h">
      <Filter>Header Files</Filter>
    </ClInclude>
    <ClInclude Include="src\Detour\Detour\DetourNavMeshQuery.h">
      <Filter>Header Files</Filter>
    </ClInclude>
    <ClInclude Include="src\Detour\Detour\DetourNode.h">
      <Filter>Header Files</Filter>
    </ClInclude>
    <ClInclude Include="src\Detour\Detour\DetourStatus.h">
      <Filter>Header Files</Filter>
    </ClInclude>
    <ClInclude Include="src\Detour\DetourCrowd\DetourCrowd.h">
      <Filter>Header Files</Filter>
    </ClInclude>
    <ClInclude Include="src\Detour\DetourCrowd\DetourLocalBoundary.h">
      <Filter>Header Files</Filter>
    </ClInclude>
    <ClInclude Include="src\Detour\DetourCrowd\DetourObstacleAvoidance.h">
      <Filter>Header Files</Filter>
    </ClInclude>
    <ClInclude Include="src\Detour\DetourCrowd\DetourPathCorridor.h">
      <Filter>Header Files</Filter>
    </ClInclude>
    <ClInclude Include="src\Detour\DetourCrowd\DetourPathQueue.h">
      <Filter>Header Files</Filter>
    </ClInclude>
    <ClInclude Include="src\Detour\DetourCrowd\DetourProximityGrid.h">
      <Filter>Header Files</Filter>
    </ClInclude>
    <ClInclude Include="src\Detour\DetourTileCache\DetourTileCache.h">
      <Filter>Header Files</Filter>
    </ClInclude>
    <ClInclude Include="src\Detour\DetourTileCache\DetourTileCacheBuilder.h">
      <Filter>Header Files</Filter>
    </ClInclude>
    <ClInclude Include="src\Detour\Detour\DetourAlloc.h">
      <Filter>Header Files</Filter>
    </ClInclude>
    <ClInclude Include="src\Detour\Detour\DetourAssert.h">
      <Filter>Header Files</Filter>
    </ClInclude>
    <ClInclude Include="src\Detour\Detour\DetourCommon.h">
      <Filter>Header Files</Filter>
    </ClInclude>
    <ClInclude Include="src\Detour\Detour\DetourMath.h">
      <Filter>Header Files</Filter>
    </ClInclude>
    <ClInclude Include="src\Detour\Detour\DetourNavMesh.h">
      <Filter>Header Files</Filter>
    </ClInclude>
    <ClInclude Include="src\Detour\Detour\DetourNavMeshBuilder.h">
      <Filter>Header Files</Filter>
    </ClInclude>
    <ClInclude Include="src\Detour\Detour\DetourNavMeshQuery.h">
      <Filter>Header Files</Filter>
    </ClInclude>
    <ClInclude Include="src\Detour\Detour\DetourNode.h">
      <Filter>Header Files</Filter>
    </ClInclude>
    <ClInclude Include="src\Detour\Detour\DetourStatus.h">
      <Filter>Header Files</Filter>
    </ClInclude>
    <ClInclude Include="src\Detour\DetourCrowd\DetourCrowd.h">
      <Filter>Header Files</Filter>
    </ClInclude>
    <ClInclude Include="src\Detour\DetourCrowd\DetourLocalBoundary.h">
      <Filter>Header Files</Filter>
    </ClInclude>
    <ClInclude Include="src\Detour\DetourCrowd\DetourObstacleAvoidance.h">
      <Filter>Header Files</Filter>
    </ClInclude>
    <ClInclude Include="src\Detour\DetourCrowd\DetourPathCorridor.h">
      <Filter>Header Files</Filter>
    </ClInclude>
    <ClInclude Include="src\Detour\DetourCrowd\DetourPathQueue.h">
      <Filter>Header Files</Filter>
    </ClInclude>
    <ClInclude Include="src\Detour\DetourCrowd\DetourProximityGrid.h">
      <Filter>Header Files</Filter>
    </ClInclude>
    <ClInclude Include="src\Detour\DetourTileCache\DetourTileCache.h">
      <Filter>Header Files</Filter>
    </ClInclude>
    <ClInclude Include="src\Detour\DetourTileCache\DetourTileCacheBuilder.h">
      <Filter>Header Files</Filter>
    </ClInclude>
    <ClInclude Include="src\Internal\Logger.h">
      <Filter>Header Files</Filter>
    </ClInclude>
    <ClInclude Include="src\Internal\component.h">
      <Filter>Header Files</Filter>
    </ClInclude>
    <ClInclude Include="src\Internal\physics.h">
      <Filter>Header Files</Filter>
    </ClInclude>
    <ClInclude Include="src\Internal\RandomRange.h">
      <Filter>Header Files</Filter>
    </ClInclude>
    <ClInclude Include="src\Internal\type_concepts.h">
      <Filter>Header Files</Filter>
    </ClInclude>
    <ClInclude Include="src\Serialisation\deserializeFromBinary.h">
      <Filter>Header Files</Filter>
    </ClInclude>
    <ClInclude Include="src\Serialisation\serializeToBinary.h">
      <Filter>Header Files</Filter>
    </ClInclude>
    <ClInclude Include="src\Internal\skeleton.h">
      <Filter>Header Files</Filter>
    </ClInclude>
    <ClInclude Include="src\Serialisation\deserializeFromJson.h">
      <Filter>Header Files</Filter>
    </ClInclude>
    <ClInclude Include="src\Serialisation\serialisation.h">
      <Filter>Header Files</Filter>
    </ClInclude>
    <ClInclude Include="src\Serialisation\serialisation.ipp">
      <Filter>Header Files</Filter>
    </ClInclude>
    <ClInclude Include="src\Serialisation\serializeToJson.h">
      <Filter>Header Files</Filter>
    </ClInclude>
    <ClInclude Include="src\Internal\Interpolation.h">
      <Filter>Header Files</Filter>
    </ClInclude>
    <ClInclude Include="src\Resource\animation.h">
      <Filter>Header Files</Filter>
    </ClInclude>
    <ClInclude Include="src\Resource\assetIO.h">
      <Filter>Header Files</Filter>
    </ClInclude>
    <ClInclude Include="src\Resource\assetIO.ipp">
      <Filter>Header Files</Filter>
    </ClInclude>
    <ClInclude Include="src\Resource\audio.h">
      <Filter>Header Files</Filter>
    </ClInclude>
    <ClInclude Include="src\Resource\controller.h">
      <Filter>Header Files</Filter>
    </ClInclude>
    <ClInclude Include="src\Resource\cubemap.h">
      <Filter>Header Files</Filter>
    </ClInclude>
    <ClInclude Include="src\Resource\customShader.h">
      <Filter>Header Files</Filter>
    </ClInclude>
    <ClInclude Include="src\Resource\Material.h">
      <Filter>Header Files</Filter>
    </ClInclude>
    <ClInclude Include="src\Resource\model.h">
      <Filter>Header Files</Filter>
    </ClInclude>
    <ClInclude Include="src\Resource\navMesh.h">
      <Filter>Header Files</Filter>
    </ClInclude>
    <ClInclude Include="src\Resource\resource.h">
      <Filter>Header Files</Filter>
    </ClInclude>
    <ClInclude Include="src\Resource\scene.h">
      <Filter>Header Files</Filter>
    </ClInclude>
    <ClInclude Include="src\Resource\scriptAsset.h">
      <Filter>Header Files</Filter>
    </ClInclude>
    <ClInclude Include="src\Resource\texture.h">
      <Filter>Header Files</Filter>
    </ClInclude>
    <ClInclude Include="src\Internal\shader.h">
      <Filter>Header Files</Filter>
    </ClInclude>
    <ClInclude Include="src\Resource\systemResource.h">
      <Filter>Header Files</Filter>
    </ClInclude>
  </ItemGroup>
  <ItemGroup>
    <ClCompile Include="src\Imported\glad.cpp">
      <Filter>Source Files</Filter>
    </ClCompile>
    <ClCompile Include="src\Internal\nova_math.cpp">
      <Filter>Source Files</Filter>
    </ClCompile>
    <ClCompile Include="src\Internal\Logger.cpp">
      <Filter>Source Files</Filter>
    </ClCompile>
    <ClCompile Include="src\Loader\modelLoader.cpp">
      <Filter>Source Files</Filter>
    </ClCompile>
    <ClCompile Include="src\Loader\scriptLoader.cpp">
      <Filter>Source Files</Filter>
    </ClCompile>
    <ClCompile Include="src\Loader\cubemapLoader.cpp">
      <Filter>Source Files</Filter>
    </ClCompile>
    <ClCompile Include="src\Loader\textureLoader.cpp">
      <Filter>Source Files</Filter>
    </ClCompile>
    <ClCompile Include="src\Detour\Detour\DetourAlloc.cpp">
      <Filter>Source Files</Filter>
    </ClCompile>
    <ClCompile Include="src\Detour\Detour\DetourAssert.cpp">
      <Filter>Source Files</Filter>
    </ClCompile>
    <ClCompile Include="src\Detour\Detour\DetourCommon.cpp">
      <Filter>Source Files</Filter>
    </ClCompile>
    <ClCompile Include="src\Detour\Detour\DetourNavMesh.cpp">
      <Filter>Source Files</Filter>
    </ClCompile>
    <ClCompile Include="src\Detour\Detour\DetourNavMeshBuilder.cpp">
      <Filter>Source Files</Filter>
    </ClCompile>
    <ClCompile Include="src\Detour\Detour\DetourNavMeshQuery.cpp">
      <Filter>Source Files</Filter>
    </ClCompile>
    <ClCompile Include="src\Detour\Detour\DetourNode.cpp">
      <Filter>Source Files</Filter>
    </ClCompile>
    <ClCompile Include="src\Detour\DetourCrowd\DetourCrowd.cpp">
      <Filter>Source Files</Filter>
    </ClCompile>
    <ClCompile Include="src\Detour\DetourCrowd\DetourLocalBoundary.cpp">
      <Filter>Source Files</Filter>
    </ClCompile>
    <ClCompile Include="src\Detour\DetourCrowd\DetourObstacleAvoidance.cpp">
      <Filter>Source Files</Filter>
    </ClCompile>
    <ClCompile Include="src\Detour\DetourCrowd\DetourPathCorridor.cpp">
      <Filter>Source Files</Filter>
    </ClCompile>
    <ClCompile Include="src\Detour\DetourCrowd\DetourPathQueue.cpp">
      <Filter>Source Files</Filter>
    </ClCompile>
    <ClCompile Include="src\Detour\DetourCrowd\DetourProximityGrid.cpp">
      <Filter>Source Files</Filter>
    </ClCompile>
    <ClCompile Include="src\Detour\DetourTileCache\DetourTileCache.cpp">
      <Filter>Source Files</Filter>
    </ClCompile>
    <ClCompile Include="src\Detour\DetourTileCache\DetourTileCacheBuilder.cpp">
      <Filter>Source Files</Filter>
    </ClCompile>
    <ClCompile Include="src\Loader\navMeshLoader.cpp">
      <Filter>Source Files</Filter>
    </ClCompile>
    <ClCompile Include="src\Detour\Detour\DetourAlloc.cpp">
      <Filter>Source Files</Filter>
    </ClCompile>
    <ClCompile Include="src\Detour\Detour\DetourAssert.cpp">
      <Filter>Source Files</Filter>
    </ClCompile>
    <ClCompile Include="src\Detour\Detour\DetourCommon.cpp">
      <Filter>Source Files</Filter>
    </ClCompile>
    <ClCompile Include="src\Detour\Detour\DetourNavMesh.cpp">
      <Filter>Source Files</Filter>
    </ClCompile>
    <ClCompile Include="src\Detour\Detour\DetourNavMeshBuilder.cpp">
      <Filter>Source Files</Filter>
    </ClCompile>
    <ClCompile Include="src\Detour\Detour\DetourNavMeshQuery.cpp">
      <Filter>Source Files</Filter>
    </ClCompile>
    <ClCompile Include="src\Detour\Detour\DetourNode.cpp">
      <Filter>Source Files</Filter>
    </ClCompile>
    <ClCompile Include="src\Detour\DetourCrowd\DetourCrowd.cpp">
      <Filter>Source Files</Filter>
    </ClCompile>
    <ClCompile Include="src\Detour\DetourCrowd\DetourLocalBoundary.cpp">
      <Filter>Source Files</Filter>
    </ClCompile>
    <ClCompile Include="src\Detour\DetourCrowd\DetourObstacleAvoidance.cpp">
      <Filter>Source Files</Filter>
    </ClCompile>
    <ClCompile Include="src\Detour\DetourCrowd\DetourPathCorridor.cpp">
      <Filter>Source Files</Filter>
    </ClCompile>
    <ClCompile Include="src\Detour\DetourCrowd\DetourPathQueue.cpp">
      <Filter>Source Files</Filter>
    </ClCompile>
    <ClCompile Include="src\Detour\DetourCrowd\DetourProximityGrid.cpp">
      <Filter>Source Files</Filter>
    </ClCompile>
    <ClCompile Include="src\Detour\DetourTileCache\DetourTileCache.cpp">
      <Filter>Source Files</Filter>
    </ClCompile>
    <ClCompile Include="src\Detour\DetourTileCache\DetourTileCacheBuilder.cpp">
      <Filter>Source Files</Filter>
    </ClCompile>
    <ClCompile Include="src\Internal\RandomRange.cpp">
      <Filter>Source Files</Filter>
    </ClCompile>
    <ClCompile Include="src\Serialisation\serialisation.cpp">
      <Filter>Source Files</Filter>
    </ClCompile>
    <ClCompile Include="src\Loader\controllerLoader.cpp">
      <Filter>Source Files</Filter>
    </ClCompile>
    <ClCompile Include="src\Internal\Interpolation.cpp">
      <Filter>Source Files</Filter>
    </ClCompile>
    <ClCompile Include="src\Loader\customShaderLoader.cpp">
      <Filter>Source Files</Filter>
    </ClCompile>
    <ClCompile Include="src\Resource\animation.cpp">
      <Filter>Source Files</Filter>
    </ClCompile>
    <ClCompile Include="src\Resource\assetIO.cpp">
      <Filter>Source Files</Filter>
    </ClCompile>
    <ClCompile Include="src\Resource\audio.cpp">
      <Filter>Source Files</Filter>
    </ClCompile>
    <ClCompile Include="src\Resource\controller.cpp">
      <Filter>Source Files</Filter>
    </ClCompile>
    <ClCompile Include="src\Resource\cubemap.cpp">
      <Filter>Source Files</Filter>
    </ClCompile>
    <ClCompile Include="src\Resource\customshader.cpp">
      <Filter>Source Files</Filter>
    </ClCompile>
    <ClCompile Include="src\Resource\model.cpp">
      <Filter>Source Files</Filter>
    </ClCompile>
    <ClCompile Include="src\Resource\navMesh.cpp">
      <Filter>Source Files</Filter>
    </ClCompile>
    <ClCompile Include="src\Resource\scriptAsset.cpp">
      <Filter>Source Files</Filter>
    </ClCompile>
    <ClCompile Include="src\Resource\texture.cpp">
      <Filter>Source Files</Filter>
    </ClCompile>
    <ClCompile Include="src\Internal\shader.cpp">
      <Filter>Source Files</Filter>
    </ClCompile>
    <ClCompile Include="src\Resource\Material.cpp">
      <Filter>Source Files</Filter>
    </ClCompile>
    <ClCompile Include="src\Loader\materialLoader.cpp">
      <Filter>Source Files</Filter>
    </ClCompile>
    <ClCompile Include="src\Internal\type_alias.cpp">
      <Filter>Source Files</Filter>
    </ClCompile>
    <ClCompile Include="src\Resource\systemResource.cpp">
      <Filter>Source Files</Filter>
    </ClCompile>
  </ItemGroup>
</Project>