<?xml version="1.0" encoding="utf-8"?>
<Project ToolsVersion="4.0" xmlns="http://schemas.microsoft.com/developer/msbuild/2003">
  <ItemGroup>
    <Filter Include="Source Files">
      <UniqueIdentifier>{4FC737F1-C7A5-4376-A066-2A32D752A2FF}</UniqueIdentifier>
      <Extensions>cpp;c;cc;cxx;c++;cppm;ixx;def;odl;idl;hpj;bat;asm;asmx</Extensions>
    </Filter>
    <Filter Include="Header Files">
      <UniqueIdentifier>{93995380-89BD-4b04-88EB-625FBE52EBFB}</UniqueIdentifier>
      <Extensions>h;hh;hpp;hxx;h++;hm;inl;inc;ipp;xsd</Extensions>
    </Filter>
    <Filter Include="Resource Files">
      <UniqueIdentifier>{67DA6AB6-F800-4c08-8B7A-83BB121AAD01}</UniqueIdentifier>
      <Extensions>rc;ico;cur;bmp;dlg;rc2;rct;bin;rgs;gif;jpg;jpeg;jpe;resx;tiff;tif;png;wav;mfcribbon-ms</Extensions>
    </Filter>
  </ItemGroup>
  <ItemGroup>
    <ClCompile Include="src\main.cpp">
      <Filter>Source Files</Filter>
    </ClCompile>
    <ClCompile Include="src\Editor\editor.cpp">
      <Filter>Source Files</Filter>
    </ClCompile>
    <ClCompile Include="src\Editor\ImGui\backends\imgui_impl_glfw.cpp">
      <Filter>Source Files</Filter>
    </ClCompile>
    <ClCompile Include="src\Editor\ImGui\backends\imgui_impl_opengl3.cpp">
      <Filter>Source Files</Filter>
    </ClCompile>
    <ClCompile Include="src\Editor\ImGui\imgui.cpp">
      <Filter>Source Files</Filter>
    </ClCompile>
    <ClCompile Include="src\Editor\ImGui\imgui_demo.cpp">
      <Filter>Source Files</Filter>
    </ClCompile>
    <ClCompile Include="src\Editor\ImGui\imgui_draw.cpp">
      <Filter>Source Files</Filter>
    </ClCompile>
    <ClCompile Include="src\Editor\ImGui\imgui_tables.cpp">
      <Filter>Source Files</Filter>
    </ClCompile>
    <ClCompile Include="src\Editor\ImGui\imgui_widgets.cpp">
      <Filter>Source Files</Filter>
    </ClCompile>
    <ClCompile Include="src\Editor\ImGui\misc\cpp\imgui_stdlib.cpp">
      <Filter>Source Files</Filter>
    </ClCompile>
    <ClCompile Include="src\Editor\themes.cpp">
      <Filter>Source Files</Filter>
    </ClCompile>
    <ClCompile Include="src\Editor\assetManagerUi.cpp">
      <Filter>Source Files</Filter>
    </ClCompile>
    <ClCompile Include="src\Editor\componentInspector.cpp">
      <Filter>Source Files</Filter>
    </ClCompile>
    <ClCompile Include="src\Editor\gameViewPort.cpp">
      <Filter>Source Files</Filter>
    </ClCompile>
    <ClCompile Include="src\Editor\hierarchy.cpp">
      <Filter>Source Files</Filter>
    </ClCompile>
    <ClCompile Include="src\Editor\ImGui\ImGuizmo.cpp">
      <Filter>Source Files</Filter>
    </ClCompile>
    <ClCompile Include="src\Editor\gizmo.cpp">
      <Filter>Source Files</Filter>
    </ClCompile>
    <ClCompile Include="src\Editor\displayMaterial.cpp">
      <Filter>Source Files</Filter>
    </ClCompile>
    <ClCompile Include="src\Editor\debugUI.cpp">
      <Filter>Source Files</Filter>
    </ClCompile>
    <ClCompile Include="src\Editor\controlOverlay.cpp">
      <Filter>Source Files</Filter>
    </ClCompile>
    <ClCompile Include="src\AssetManager\AssetDirectoryWatcher.cpp">
      <Filter>Source Files</Filter>
    </ClCompile>
    <ClCompile Include="src\AssetManager\assetManager.cpp">
      <Filter>Source Files</Filter>
    </ClCompile>
    <ClCompile Include="src\Editor\console.cpp">
      <Filter>Source Files</Filter>
    </ClCompile>
  </ItemGroup>
  <ItemGroup>
    <ClInclude Include="src\Editor\ImGUI\imgui_impl_glfw.h">
      <Filter>Header Files</Filter>
    </ClInclude>
    <ClInclude Include="src\Editor\ImGUI\imgui_impl_opengl3.h">
      <Filter>Header Files</Filter>
    </ClInclude>
    <ClInclude Include="src\Editor\ImGUI\imgui_impl_opengl3_loader.h">
      <Filter>Header Files</Filter>
    </ClInclude>
    <ClInclude Include="src\Editor\ImGUI\ImGuizmo.h">
      <Filter>Header Files</Filter>
    </ClInclude>
    <ClInclude Include="src\Editor\editor.h">
      <Filter>Header Files</Filter>
    </ClInclude>
    <ClInclude Include="src\Editor\ImGui\backends\imgui_impl_glfw.h">
      <Filter>Header Files</Filter>
    </ClInclude>
    <ClInclude Include="src\Editor\ImGui\backends\imgui_impl_opengl3.h">
      <Filter>Header Files</Filter>
    </ClInclude>
    <ClInclude Include="src\Editor\ImGui\backends\imgui_impl_opengl3_loader.h">
      <Filter>Header Files</Filter>
    </ClInclude>
    <ClInclude Include="src\Editor\ImGui\imconfig.h">
      <Filter>Header Files</Filter>
    </ClInclude>
    <ClInclude Include="src\Editor\ImGui\imgui.h">
      <Filter>Header Files</Filter>
    </ClInclude>
    <ClInclude Include="src\Editor\ImGui\imgui_internal.h">
      <Filter>Header Files</Filter>
    </ClInclude>
    <ClInclude Include="src\Editor\ImGui\imstb_rectpack.h">
      <Filter>Header Files</Filter>
    </ClInclude>
    <ClInclude Include="src\Editor\ImGui\imstb_textedit.h">
      <Filter>Header Files</Filter>
    </ClInclude>
    <ClInclude Include="src\Editor\ImGui\imstb_truetype.h">
      <Filter>Header Files</Filter>
    </ClInclude>
    <ClInclude Include="src\Editor\ImGui\misc\cpp\imgui_stdlib.h">
      <Filter>Header Files</Filter>
    </ClInclude>
    <ClInclude Include="src\Editor\themes.h">
      <Filter>Header Files</Filter>
    </ClInclude>
    <ClInclude Include="src\Editor\assetManagerUi.h">
      <Filter>Header Files</Filter>
    </ClInclude>
    <ClInclude Include="src\Editor\componentInspector.h">
      <Filter>Header Files</Filter>
    </ClInclude>
    <ClInclude Include="src\Editor\gameViewPort.h">
      <Filter>Header Files</Filter>
    </ClInclude>
    <ClInclude Include="src\Editor\hierarchy.h">
      <Filter>Header Files</Filter>
    </ClInclude>
    <ClInclude Include="src\Editor\ImGui\IconsFontAwesome6.h">
      <Filter>Header Files</Filter>
    </ClInclude>
    <ClInclude Include="src\Editor\displayComponent.ipp">
      <Filter>Header Files</Filter>
    </ClInclude>
    <ClInclude Include="src\Editor\gizmo.h">
      <Filter>Header Files</Filter>
    </ClInclude>
    <ClInclude Include="src\Editor\debugUI.h">
      <Filter>Header Files</Filter>
    </ClInclude>
    <ClInclude Include="src\Editor\controlOverlay.h">
      <Filter>Header Files</Filter>
    </ClInclude>
    <ClInclude Include="src\Editor\componentInspector.ipp">
      <Filter>Header Files</Filter>
    </ClInclude>
    <ClInclude Include="src\AssetManager\AssetDirectoryWatcher.h">
      <Filter>Header Files</Filter>
    </ClInclude>
    <ClInclude Include="src\AssetManager\assetFunctor.h">
      <Filter>Header Files</Filter>
    </ClInclude>
    <ClInclude Include="src\AssetManager\assetFunctor.ipp">
      <Filter>Header Files</Filter>
    </ClInclude>
    <ClInclude Include="src\AssetManager\assetManager.h">
      <Filter>Header Files</Filter>
    </ClInclude>
    <ClInclude Include="src\AssetManager\assetMananger.ipp">
      <Filter>Header Files</Filter>
    </ClInclude>
    <ClInclude Include="src\AssetManager\FileWatch.hpp">
      <Filter>Header Files</Filter>
    </ClInclude>
    <ClInclude Include="src\AssetManager\folder.h">
      <Filter>Header Files</Filter>
    </ClInclude>
    <ClInclude Include="src\Editor\console.h">
      <Filter>Header Files</Filter>
    </ClInclude>
  </ItemGroup>
</Project>