<?xml version="1.0" encoding="utf-8"?>
<Project ToolsVersion="4.0" xmlns="http://schemas.microsoft.com/developer/msbuild/2003">
  <ItemGroup>
    <ClCompile Include="src\AssetManager\AssetDirectoryWatcher.cpp" />
    <ClCompile Include="src\AssetManager\assetManager.cpp" />
    <ClCompile Include="src\AssetManager\prefab.cpp" />
    <ClCompile Include="src\Editor\Assets\animatorController.cpp" />
    <ClCompile Include="src\Editor\Assets\animationTimeline.cpp" />
    <ClCompile Include="src\Editor\Assets\assetViewerUi.cpp" />
    <ClCompile Include="src\Editor\ComponentInspection\componentInspector.cpp" />
    <ClCompile Include="src\Editor\ComponentInspection\PropertyDisplay\displayMaterial.cpp" />
    <ClCompile Include="src\Editor\ComponentInspection\PropertyDisplay\displayScripts.cpp" />
    <ClCompile Include="src\Editor\ImGui\crude_json.cpp" />
    <ClCompile Include="src\Editor\ImGui\imgui_canvas.cpp" />
    <ClCompile Include="src\Editor\ImGui\imgui_neo_internal.cpp" />
    <ClCompile Include="src\Editor\ImGui\imgui_neo_sequencer.cpp" />
    <ClCompile Include="src\Editor\ImGui\imgui_node_editor.cpp" />
    <ClCompile Include="src\Editor\ImGui\imgui_node_editor_api.cpp" />
    <ClCompile Include="src\Editor\ImGui\ImSequencer.cpp" />
    <ClCompile Include="src\Editor\gameViewPort.cpp" />
    <ClCompile Include="src\Editor\Configuration\editorConfigUI.cpp" />
    <ClCompile Include="src\Editor\Configuration\gameConfigUI.cpp" />
    <ClCompile Include="src\Editor\navigationWindow.cpp" />
    <ClCompile Include="src\Navigation\navMeshGeneration.cpp" />
    <ClCompile Include="src\Editor\Assets\assetManagerUi.cpp" />
    <ClCompile Include="src\Editor\console.cpp" />
    <ClCompile Include="src\Editor\controlOverlay.cpp" />
    <ClCompile Include="src\Editor\debugUI.cpp" />
    <ClCompile Include="src\Editor\editor.cpp" />
    <ClCompile Include="src\Editor\gizmo.cpp" />
    <ClCompile Include="src\Editor\hierarchy.cpp" />
    <ClCompile Include="src\Editor\editorViewPort.cpp" />
    <ClCompile Include="src\Editor\ImGui\backends\imgui_impl_glfw.cpp" />
    <ClCompile Include="src\Editor\ImGui\backends\imgui_impl_opengl3.cpp" />
    <ClCompile Include="src\Editor\ImGui\imgui.cpp" />
    <ClCompile Include="src\Editor\ImGui\ImGuizmo.cpp" />
    <ClCompile Include="src\Editor\ImGui\imgui_demo.cpp" />
    <ClCompile Include="src\Editor\ImGui\imgui_draw.cpp" />
    <ClCompile Include="src\Editor\navBar.cpp" />
    <ClCompile Include="src\Editor\ImGui\imgui_tables.cpp" />
    <ClCompile Include="src\Editor\ImGui\imgui_widgets.cpp" />
    <ClCompile Include="src\Editor\ImGui\misc\cpp\imgui_stdlib.cpp" />
    <ClCompile Include="src\Navigation\Recast\Recast.cpp" />
    <ClCompile Include="src\Navigation\Recast\RecastAlloc.cpp" />
    <ClCompile Include="src\Navigation\Recast\RecastArea.cpp" />
    <ClCompile Include="src\Navigation\Recast\RecastAssert.cpp" />
    <ClCompile Include="src\Navigation\Recast\RecastContour.cpp" />
    <ClCompile Include="src\Navigation\Recast\RecastFilter.cpp" />
    <ClCompile Include="src\Navigation\Recast\RecastLayers.cpp" />
    <ClCompile Include="src\Navigation\Recast\RecastMesh.cpp" />
    <ClCompile Include="src\Navigation\Recast\RecastMeshDetail.cpp" />
    <ClCompile Include="src\Navigation\Recast\RecastRasterization.cpp" />
    <ClCompile Include="src\Navigation\Recast\RecastRegion.cpp" />
    <ClCompile Include="src\Navigation\Recast_DebugUtils\DebugDraw.cpp" />
    <ClCompile Include="src\Navigation\Recast_DebugUtils\DetourDebugDraw.cpp" />
    <ClCompile Include="src\Navigation\Recast_DebugUtils\RecastDebugDraw.cpp" />
    <ClCompile Include="src\Navigation\Recast_DebugUtils\RecastDump.cpp" />
    <ClCompile Include="src\Editor\themes.cpp" />
    <ClCompile Include="src\main.cpp" />
  </ItemGroup>
  <ItemGroup>
    <ClInclude Include="src\AssetManager\prefab.h" />
    <ClInclude Include="src\Editor\Assets\animatorController.h" />
    <ClInclude Include="src\Editor\Assets\animationTimeline.h" />
    <ClInclude Include="src\Editor\Assets\assetViewerUi.ipp" />
    <ClInclude Include="src\Editor\Assets\assetViewerUi.h" />
    <ClInclude Include="src\Editor\ComponentInspection\componentInspector.h" />
    <ClInclude Include="src\Editor\ComponentInspection\componentInspector.ipp" />
    <ClInclude Include="src\Editor\ComponentInspection\displayComponent.ipp" />
    <ClInclude Include="src\Editor\ComponentInspection\PropertyDisplay\displayProperties.h" />
    <ClInclude Include="src\Editor\Configuration\editorConfigUI.h" />
    <ClInclude Include="src\Editor\Configuration\gameConfigUI.h" />
    <ClInclude Include="src\Editor\editor.ipp" />
    <ClInclude Include="src\Editor\ImGui\crude_json.h" />
    <ClInclude Include="src\Editor\ImGui\imgui_bezier_math.h" />
    <ClInclude Include="src\Editor\ImGui\imgui_canvas.h" />
    <ClInclude Include="src\Editor\ImGui\imgui_extra_math.h" />
    <ClInclude Include="src\Editor\ImGui\imgui_neo_internal.h" />
    <ClInclude Include="src\Editor\ImGui\imgui_neo_sequencer.h" />
    <ClInclude Include="src\Editor\ImGui\imgui_node_editor.h" />
    <ClInclude Include="src\Editor\ImGui\imgui_node_editor_internal.h" />
    <ClInclude Include="src\Editor\ImGui\ImSequencer.h" />
    <ClInclude Include="src\Editor\gameViewPort.h" />
    <ClInclude Include="src\Editor\navigationWindow.h" />
    <ClInclude Include="src\Navigation\navMeshGeneration.h" />
    <ClInclude Include="src\AssetManager\AssetDirectoryWatcher.h" />
    <ClInclude Include="src\AssetManager\assetFunctor.h" />
    <ClInclude Include="src\AssetManager\assetFunctor.ipp" />
    <ClInclude Include="src\AssetManager\assetManager.h" />
    <ClInclude Include="src\AssetManager\assetMananger.ipp" />
    <ClInclude Include="src\AssetManager\FileWatch.hpp" />
    <ClInclude Include="src\AssetManager\folder.h" />
    <ClInclude Include="src\Editor\Assets\assetManagerUi.h" />
    <ClInclude Include="src\Editor\console.h" />
    <ClInclude Include="src\Editor\controlOverlay.h" />
    <ClInclude Include="src\Editor\debugUI.h" />
    <ClInclude Include="src\Editor\editor.h" />
    <ClInclude Include="src\Editor\gizmo.h" />
    <ClInclude Include="src\Editor\hierarchy.h" />
    <ClInclude Include="src\Editor\editorViewPort.h" />
    <ClInclude Include="src\Editor\ImGui\backends\imgui_impl_glfw.h" />
    <ClInclude Include="src\Editor\ImGui\backends\imgui_impl_opengl3.h" />
    <ClInclude Include="src\Editor\ImGui\backends\imgui_impl_opengl3_loader.h" />
    <ClInclude Include="src\Editor\ImGui\IconsFontAwesome6.h" />
    <ClInclude Include="src\Editor\ImGui\imconfig.h" />
    <ClInclude Include="src\Editor\ImGui\imgui.h" />
    <ClInclude Include="src\Editor\ImGUI\ImGuizmo.h" />
    <ClInclude Include="src\Editor\ImGUI\imgui_impl_glfw.h" />
    <ClInclude Include="src\Editor\ImGUI\imgui_impl_opengl3.h" />
    <ClInclude Include="src\Editor\ImGUI\imgui_impl_opengl3_loader.h" />
    <ClInclude Include="src\Editor\ImGui\imgui_internal.h" />
    <ClInclude Include="src\Editor\navBar.h" />
    <ClInclude Include="src\Editor\ImGui\imstb_rectpack.h" />
    <ClInclude Include="src\Editor\ImGui\imstb_textedit.h" />
    <ClInclude Include="src\Editor\ImGui\imstb_truetype.h" />
    <ClInclude Include="src\Editor\ImGui\misc\cpp\imgui_stdlib.h" />
    <ClInclude Include="src\Navigation\Recast\Recast.h" />
    <ClInclude Include="src\Navigation\Recast\RecastAlloc.h" />
    <ClInclude Include="src\Navigation\Recast\RecastAssert.h" />
    <ClInclude Include="src\Navigation\Recast_DebugUtils\DebugDraw.h" />
    <ClInclude Include="src\Navigation\Recast_DebugUtils\DetourDebugDraw.h" />
    <ClInclude Include="src\Navigation\Recast_DebugUtils\RecastDebugDraw.h" />
    <ClInclude Include="src\Navigation\Recast_DebugUtils\RecastDump.h" />
    <ClInclude Include="src\Editor\themes.h" />
  </ItemGroup>
  <ItemGroup>
    <None Include="src\Editor\ImGui\imgui_bezier_math.inl" />
    <None Include="src\Editor\ImGui\imgui_extra_math.inl" />
    <None Include="src\Editor\ImGui\imgui_node_editor_internal.inl" />
  </ItemGroup>
</Project>